
Microsoft Visual Studio Solution File, Format Version 12.00
# Visual Studio Version 16
VisualStudioVersion = 16.0.31702.278
MinimumVisualStudioVersion = 10.0.40219.1
Project("{FAE04EC0-301F-11D3-BF4B-00C04F79EFBC}") = "Calculadora", "Calculadora\Calculadora.csproj", "{C0030A6C-D4C7-4D7A-A82D-53BBD6C20072}"
EndProject
Global
	GlobalSection(SolutionConfigurationPlatforms) = preSolution
		Debug|Any CPU = Debug|Any CPU
		Release|Any CPU = Release|Any CPU
	EndGlobalSection
	GlobalSection(ProjectConfigurationPlatforms) = postSolution
		{C0030A6C-D4C7-4D7A-A82D-53BBD6C20072}.Debug|Any CPU.ActiveCfg = Debug|Any CPU
		{C0030A6C-D4C7-4D7A-A82D-53BBD6C20072}.Debug|Any CPU.Build.0 = Debug|Any CPU
		{C0030A6C-D4C7-4D7A-A82D-53BBD6C20072}.Release|Any CPU.ActiveCfg = Release|Any CPU
		{C0030A6C-D4C7-4D7A-A82D-53BBD6C20072}.Release|Any CPU.Build.0 = Release|Any CPU
	EndGlobalSection
	GlobalSection(SolutionProperties) = preSolution
		HideSolutionNode = FALSE
	EndGlobalSection
	GlobalSection(ExtensibilityGlobals) = postSolution
		SolutionGuid = {259A4EE9-5069-4AEE-902D-B085AE4D6EC0}
	EndGlobalSection
EndGlobal
